
Microsoft Visual Studio Solution File, Format Version 12.00
# Visual Studio Version 16
VisualStudioVersion = 16.0.31313.79
MinimumVisualStudioVersion = 10.0.40219.1
Project("{FAE04EC0-301F-11D3-BF4B-00C04F79EFBC}") = "OOPconcepts", "OOPconcepts\OOPconcepts.csproj", "{815512FF-E004-44F8-91DD-A072711FCFD4}"
EndProject
Global
	GlobalSection(SolutionConfigurationPlatforms) = preSolution
		Debug|Any CPU = Debug|Any CPU
		Release|Any CPU = Release|Any CPU
	EndGlobalSection
	GlobalSection(ProjectConfigurationPlatforms) = postSolution
		{815512FF-E004-44F8-91DD-A072711FCFD4}.Debug|Any CPU.ActiveCfg = Debug|Any CPU
		{815512FF-E004-44F8-91DD-A072711FCFD4}.Debug|Any CPU.Build.0 = Debug|Any CPU
		{815512FF-E004-44F8-91DD-A072711FCFD4}.Release|Any CPU.ActiveCfg = Release|Any CPU
		{815512FF-E004-44F8-91DD-A072711FCFD4}.Release|Any CPU.Build.0 = Release|Any CPU
	EndGlobalSection
	GlobalSection(SolutionProperties) = preSolution
		HideSolutionNode = FALSE
	EndGlobalSection
	GlobalSection(ExtensibilityGlobals) = postSolution
		SolutionGuid = {FD4D7136-D062-4E73-8E1D-552B9E311039}
	EndGlobalSection
EndGlobal
